<Solution>
  <Project Path="ApiFront/ApiFront.csproj" Id="d6db6736-ceec-4b8a-8e32-4cc0214591e0" />
  <Project Path="Application/Application.csproj" />
  <Project Path="Domain/Domain.csproj" />
  <Project Path="Front/Front.Client/Front.Client.csproj" Id="ac3918e3-6400-47fb-93f1-d50c2beb33b0" />
  <Project Path="Front/Front/Front.csproj" Id="72c852ed-bd00-4837-8048-3d0112f30f55" />
  <Project Path="Infrastructure/Infrastructure.csproj" />
  <Project Path="TPAPIdeProyectoSoftware/TPAPIdeProyectoSoftware.csproj" />
</Solution>
